
Microsoft Visual Studio Solution File, Format Version 12.00
# Visual Studio Version 16
VisualStudioVersion = 16.0.30503.244
MinimumVisualStudioVersion = 10.0.40219.1
Project("{FAE04EC0-301F-11D3-BF4B-00C04F79EFBC}") = "SocketClient", "SocketClient\SocketClient.csproj", "{C5ED3119-E39C-4E51-8BBB-637B90F55333}"
EndProject
Global
	GlobalSection(SolutionConfigurationPlatforms) = preSolution
		Debug|Any CPU = Debug|Any CPU
		Release|Any CPU = Release|Any CPU
	EndGlobalSection
	GlobalSection(ProjectConfigurationPlatforms) = postSolution
		{C5ED3119-E39C-4E51-8BBB-637B90F55333}.Debug|Any CPU.ActiveCfg = Debug|Any CPU
		{C5ED3119-E39C-4E51-8BBB-637B90F55333}.Debug|Any CPU.Build.0 = Debug|Any CPU
		{C5ED3119-E39C-4E51-8BBB-637B90F55333}.Release|Any CPU.ActiveCfg = Release|Any CPU
		{C5ED3119-E39C-4E51-8BBB-637B90F55333}.Release|Any CPU.Build.0 = Release|Any CPU
	EndGlobalSection
	GlobalSection(SolutionProperties) = preSolution
		HideSolutionNode = FALSE
	EndGlobalSection
	GlobalSection(ExtensibilityGlobals) = postSolution
		SolutionGuid = {D1A81EDA-51EF-4E9B-846D-E1558CCA46E8}
	EndGlobalSection
EndGlobal
